
Microsoft Visual Studio Solution File, Format Version 12.00
# Visual Studio 15
VisualStudioVersion = 15.0.28307.1062
MinimumVisualStudioVersion = 10.0.40219.1
Project("{FAE04EC0-301F-11D3-BF4B-00C04F79EFBC}") = "KanbanProject", "Backend\KanbanProject.csproj", "{54D4CA44-F049-47DE-BF74-81FC80F867FD}"
EndProject
Project("{FAE04EC0-301F-11D3-BF4B-00C04F79EFBC}") = "tests", "tests\tests.csproj", "{1D2B979C-5A4A-4A12-AB1A-836FA49149EC}"
EndProject
Project("{FAE04EC0-301F-11D3-BF4B-00C04F79EFBC}") = "Presentation", "Presentation\Presentation.csproj", "{82AA06FB-0629-4A84-B08B-A0E5CBF97465}"
EndProject
Global
	GlobalSection(SolutionConfigurationPlatforms) = preSolution
		Debug|Any CPU = Debug|Any CPU
		Release|Any CPU = Release|Any CPU
	EndGlobalSection
	GlobalSection(ProjectConfigurationPlatforms) = postSolution
		{54D4CA44-F049-47DE-BF74-81FC80F867FD}.Debug|Any CPU.ActiveCfg = Debug|Any CPU
		{54D4CA44-F049-47DE-BF74-81FC80F867FD}.Debug|Any CPU.Build.0 = Debug|Any CPU
		{54D4CA44-F049-47DE-BF74-81FC80F867FD}.Release|Any CPU.ActiveCfg = Release|Any CPU
		{54D4CA44-F049-47DE-BF74-81FC80F867FD}.Release|Any CPU.Build.0 = Release|Any CPU
		{1D2B979C-5A4A-4A12-AB1A-836FA49149EC}.Debug|Any CPU.ActiveCfg = Debug|Any CPU
		{1D2B979C-5A4A-4A12-AB1A-836FA49149EC}.Debug|Any CPU.Build.0 = Debug|Any CPU
		{1D2B979C-5A4A-4A12-AB1A-836FA49149EC}.Release|Any CPU.ActiveCfg = Release|Any CPU
		{1D2B979C-5A4A-4A12-AB1A-836FA49149EC}.Release|Any CPU.Build.0 = Release|Any CPU
		{82AA06FB-0629-4A84-B08B-A0E5CBF97465}.Debug|Any CPU.ActiveCfg = Debug|Any CPU
		{82AA06FB-0629-4A84-B08B-A0E5CBF97465}.Debug|Any CPU.Build.0 = Debug|Any CPU
		{82AA06FB-0629-4A84-B08B-A0E5CBF97465}.Release|Any CPU.ActiveCfg = Release|Any CPU
		{82AA06FB-0629-4A84-B08B-A0E5CBF97465}.Release|Any CPU.Build.0 = Release|Any CPU
	EndGlobalSection
	GlobalSection(SolutionProperties) = preSolution
		HideSolutionNode = FALSE
	EndGlobalSection
	GlobalSection(ExtensibilityGlobals) = postSolution
		SolutionGuid = {AC11664D-40A8-459C-AE51-A6321292D1F6}
	EndGlobalSection
EndGlobal
